{
  "name": "@npmmaintea/voluptates-impedit-atque-nostrum",
  "version": "1.0.0",
  "lockfileVersion": 3,
  "requires": true,
  "packages": {
    "": {
      "name": "@npmmaintea/voluptates-impedit-atque-nostrum",
      "version": "1.0.0",
      "license": "MIT",
      "dependencies": {
        "@npmmaintea/aliquam-accusantium-debitis-nulla": "^1.0.0",
        "@npmmaintea/architecto-labore-numquam-eligendi": "^1.0.0",
        "@npmmaintea/cautious-waddle": "^1.0.0",
        "@npmmaintea/glowing-broccoli": "^1.0.0",
        "@npmmaintea/ipsa-alias-voluptatem-aperiam": "^1.0.0",
        "@npmmaintea/potential-octo-dollop": "^1.0.0",
        "@npmmaintea/psychic-doodle": "^1.0.0"
      }
    },
    "node_modules/@npmmaintea/aliquam-accusantium-debitis-nulla": {
      "version": "1.0.0",
      "resolved": "https://registry.npmjs.org/@npmmaintea/aliquam-accusantium-debitis-nulla/-/aliquam-accusantium-debitis-nulla-1.0.0.tgz",
      "integrity": "sha512-fX8MDNvZf/HN+JZN1bsNKaPKL1rivWbP73WDt5QOl5h/xPFBA0L7TJGn+Kxfx2In8p1QH7lput1OLuLr8m/+1Q==",
      "dependencies": {
        "@npmmaintea/cautious-waddle": "^1.0.0",
        "@npmmaintea/glowing-broccoli": "^1.0.0",
        "@npmmaintea/potential-octo-dollop": "^1.0.0",
        "@npmmaintea/psychic-doodle": "^1.0.0"
      }
    },
    "node_modules/@npmmaintea/architecto-labore-numquam-eligendi": {
      "version": "1.0.0",
      "resolved": "https://registry.npmjs.org/@npmmaintea/architecto-labore-numquam-eligendi/-/architecto-labore-numquam-eligendi-1.0.0.tgz",
      "integrity": "sha512-jHtJrBTN6Z6eEuanevS0SmJBzOW7O4Edz9ZJB0lEiyKUlNtiz67m/15xLdaXWAzd6PhHV8WmONhEvUQuAzNPIQ==",
      "dependencies": {
        "@npmmaintea/aliquam-accusantium-debitis-nulla": "^1.0.0",
        "@npmmaintea/cautious-waddle": "^1.0.0",
        "@npmmaintea/glowing-broccoli": "^1.0.0",
        "@npmmaintea/ipsa-alias-voluptatem-aperiam": "^1.0.0",
        "@npmmaintea/potential-octo-dollop": "^1.0.0",
        "@npmmaintea/psychic-doodle": "^1.0.0"
      }
    },
    "node_modules/@npmmaintea/cautious-waddle": {
      "version": "1.0.0",
      "resolved": "https://registry.npmjs.org/@npmmaintea/cautious-waddle/-/cautious-waddle-1.0.0.tgz",
      "integrity": "sha512-FcmZfbk/bwS4BIGtBe+0saBjdy+k3GpWMENtI97geTTFFQg18iBgAiFBx/C+pPzxZMikgghJUg9+XiB1aoNEGw==",
      "dependencies": {
        "@npmmaintea/potential-octo-dollop": "^1.0.0"
      }
    },
    "node_modules/@npmmaintea/glowing-broccoli": {
      "version": "1.0.0",
      "resolved": "https://registry.npmjs.org/@npmmaintea/glowing-broccoli/-/glowing-broccoli-1.0.0.tgz",
      "integrity": "sha512-L4Sw2Ru8aWg0i+48tRzjx+4TuRjzeW/jtKEzSo60lQ3hAGHOFnh477+83H5/C6XSHNChaBWTtffHT79nFwU1rg==",
      "dependencies": {
        "@npmmaintea/potential-octo-dollop": "^1.0.0"
      }
    },
    "node_modules/@npmmaintea/ipsa-alias-voluptatem-aperiam": {
      "version": "1.0.0",
      "resolved": "https://registry.npmjs.org/@npmmaintea/ipsa-alias-voluptatem-aperiam/-/ipsa-alias-voluptatem-aperiam-1.0.0.tgz",
      "integrity": "sha512-DuL2cDv/ow4D5h+eydf1GXuIcM6o46EUCncuCPmUuKmxjUvjp1A4x0OAbGPFiznaiL7LLEGeuLFpSuPmLLdnkQ==",
      "dependencies": {
        "@npmmaintea/aliquam-accusantium-debitis-nulla": "^1.0.0",
        "@npmmaintea/cautious-waddle": "^1.0.0",
        "@npmmaintea/glowing-broccoli": "^1.0.0",
        "@npmmaintea/potential-octo-dollop": "^1.0.0",
        "@npmmaintea/psychic-doodle": "^1.0.0"
      }
    },
    "node_modules/@npmmaintea/potential-octo-dollop": {
      "version": "1.0.0",
      "resolved": "https://registry.npmjs.org/@npmmaintea/potential-octo-dollop/-/potential-octo-dollop-1.0.0.tgz",
      "integrity": "sha512-5BYvbSS2q1JAxsemJqME7A5z0vwHhOja1HpwB4Rlwt+0J0qVoPfCgRsPqrpb2l6a0c8o88ZpTF8JOedzDvj91w=="
    },
    "node_modules/@npmmaintea/psychic-doodle": {
      "version": "1.0.0",
      "resolved": "https://registry.npmjs.org/@npmmaintea/psychic-doodle/-/psychic-doodle-1.0.0.tgz",
      "integrity": "sha512-0KoRGtisXqW/sUr0CTpR8iIQjDFJOgGk1MnnDoLkoUdHT2OIwTv0qFctVYmUaac1uVx5MGBcdYGH+WNY3TLF9A==",
      "dependencies": {
        "@npmmaintea/cautious-waddle": "^1.0.0",
        "@npmmaintea/glowing-broccoli": "^1.0.0",
        "@npmmaintea/potential-octo-dollop": "^1.0.0"
      }
    }
  }
}
